
Microsoft Visual Studio Solution File, Format Version 12.00
# Visual Studio Version 16
VisualStudioVersion = 16.0.809.0
MinimumVisualStudioVersion = 10.0.40219.1
Project("{FAE04EC0-301F-11D3-BF4B-00C04F79EFBC}") = "Prominence", "Prominence\Prominence.csproj", "{32E933E3-1746-4A9A-89B0-F976C0A2DA2C}"
EndProject
Project("{FAE04EC0-301F-11D3-BF4B-00C04F79EFBC}") = "Models", "Models\Models.csproj", "{B065F532-9E28-4749-B635-4A3C6F2E00F1}"
EndProject
Project("{FAE04EC0-301F-11D3-BF4B-00C04F79EFBC}") = "Core", "Core\Core.csproj", "{568F4B24-F457-4F06-B4A3-CF4E46C24CCC}"
EndProject
Global
	GlobalSection(SolutionConfigurationPlatforms) = preSolution
		Debug|Any CPU = Debug|Any CPU
		Release|Any CPU = Release|Any CPU
	EndGlobalSection
	GlobalSection(ProjectConfigurationPlatforms) = postSolution
		{32E933E3-1746-4A9A-89B0-F976C0A2DA2C}.Debug|Any CPU.ActiveCfg = Debug|Any CPU
		{32E933E3-1746-4A9A-89B0-F976C0A2DA2C}.Debug|Any CPU.Build.0 = Debug|Any CPU
		{32E933E3-1746-4A9A-89B0-F976C0A2DA2C}.Release|Any CPU.ActiveCfg = Release|Any CPU
		{32E933E3-1746-4A9A-89B0-F976C0A2DA2C}.Release|Any CPU.Build.0 = Release|Any CPU
		{B065F532-9E28-4749-B635-4A3C6F2E00F1}.Debug|Any CPU.ActiveCfg = Debug|Any CPU
		{B065F532-9E28-4749-B635-4A3C6F2E00F1}.Debug|Any CPU.Build.0 = Debug|Any CPU
		{B065F532-9E28-4749-B635-4A3C6F2E00F1}.Release|Any CPU.ActiveCfg = Release|Any CPU
		{B065F532-9E28-4749-B635-4A3C6F2E00F1}.Release|Any CPU.Build.0 = Release|Any CPU
		{568F4B24-F457-4F06-B4A3-CF4E46C24CCC}.Debug|Any CPU.ActiveCfg = Debug|Any CPU
		{568F4B24-F457-4F06-B4A3-CF4E46C24CCC}.Debug|Any CPU.Build.0 = Debug|Any CPU
		{568F4B24-F457-4F06-B4A3-CF4E46C24CCC}.Release|Any CPU.ActiveCfg = Release|Any CPU
		{568F4B24-F457-4F06-B4A3-CF4E46C24CCC}.Release|Any CPU.Build.0 = Release|Any CPU
	EndGlobalSection
	GlobalSection(SolutionProperties) = preSolution
		HideSolutionNode = FALSE
	EndGlobalSection
	GlobalSection(ExtensibilityGlobals) = postSolution
		SolutionGuid = {8C436105-CEA2-473B-A5FC-482AE5F86E68}
	EndGlobalSection
EndGlobal
